// !$*UTF8*$!
{
	archiveVersion = 1;
	classes = {
	};
	objectVersion = 42;
	objects = {

/* Begin PBXBuildFile section */
		024BDC2D08FB29C40028A0CD /* CrashController.mm in Sources */ = {isa = PBXBuildFile; fileRef = 024BDC2C08FB29C40028A0CD /* CrashController.mm */; };
		0262B9D509094474008BB189 /* LC_ModalAlertSheet.mm in Sources */ = {isa = PBXBuildFile; fileRef = 0262B9D409094474008BB189 /* LC_ModalAlertSheet.mm */; };
		029D4EE80909718400C64083 /* Localizable.strings in Resources */ = {isa = PBXBuildFile; fileRef = 029D4EE60909718400C64083 /* Localizable.strings */; };
		02A515D908FCAEE700799771 /* InfoPlist.strings in Resources */ = {isa = PBXBuildFile; fileRef = 02A515D708FCAEE700799771 /* InfoPlist.strings */; };
		02A515DC08FCAF4000799771 /* CrashReporter.nib in Resources */ = {isa = PBXBuildFile; fileRef = 02A515DA08FCAF4000799771 /* CrashReporter.nib */; };
		02A5161A08FCC39900799771 /* CrashReporter.icns in Resources */ = {isa = PBXBuildFile; fileRef = 02A5161908FCC39900799771 /* CrashReporter.icns */; };
		02E7CBE908FD7E45009E956B /* bug-80.png in Resources */ = {isa = PBXBuildFile; fileRef = 02E7CBE808FD7E45009E956B /* bug-80.png */; };
		8D11072D0486CEB800E47090 /* main.m in Sources */ = {isa = PBXBuildFile; fileRef = 29B97316FDCFA39411CA2CEA /* main.m */; settings = {ATTRIBUTES = (); }; };
		8D11072F0486CEB800E47090 /* Cocoa.framework in Frameworks */ = {isa = PBXBuildFile; fileRef = 1058C7A1FEA54F0111CA2CBB /* Cocoa.framework */; };
/* End PBXBuildFile section */

/* Begin PBXFileReference section */
		024BDC2A08FB298C0028A0CD /* CrashController.h */ = {isa = PBXFileReference; fileEncoding = 5; lastKnownFileType = sourcecode.c.h; path = CrashController.h; sourceTree = "<group>"; };
		024BDC2C08FB29C40028A0CD /* CrashController.mm */ = {isa = PBXFileReference; fileEncoding = 5; lastKnownFileType = sourcecode.cpp.objcpp; path = CrashController.mm; sourceTree = "<group>"; };
		0262B9D309094460008BB189 /* LC_ModalAlertSheet.h */ = {isa = PBXFileReference; fileEncoding = 5; lastKnownFileType = sourcecode.c.h; path = LC_ModalAlertSheet.h; sourceTree = "<group>"; };
		0262B9D409094474008BB189 /* LC_ModalAlertSheet.mm */ = {isa = PBXFileReference; fileEncoding = 5; lastKnownFileType = sourcecode.cpp.objcpp; path = LC_ModalAlertSheet.mm; sourceTree = "<group>"; };
		029D4EE70909718400C64083 /* English */ = {isa = PBXFileReference; fileEncoding = 10; lastKnownFileType = text.plist.strings; name = English; path = Resources/English.lproj/Localizable.strings; sourceTree = "<group>"; };
		02A515D808FCAEE700799771 /* English */ = {isa = PBXFileReference; fileEncoding = 5; lastKnownFileType = text.plist.strings; name = English; path = Resources/English.lproj/InfoPlist.strings; sourceTree = "<group>"; };
		02A515DB08FCAF4000799771 /* English */ = {isa = PBXFileReference; lastKnownFileType = wrapper.nib; name = English; path = Resources/English.lproj/CrashReporter.nib; sourceTree = "<group>"; };
		02A5161908FCC39900799771 /* CrashReporter.icns */ = {isa = PBXFileReference; lastKnownFileType = image.icns; name = CrashReporter.icns; path = Resources/CrashReporter.icns; sourceTree = "<group>"; };
		02E7CBE808FD7E45009E956B /* bug-80.png */ = {isa = PBXFileReference; lastKnownFileType = image.png; name = "bug-80.png"; path = "Resources/bug-80.png"; sourceTree = "<group>"; };
		1058C7A1FEA54F0111CA2CBB /* Cocoa.framework */ = {isa = PBXFileReference; lastKnownFileType = wrapper.framework; name = Cocoa.framework; path = /System/Library/Frameworks/Cocoa.framework; sourceTree = "<absolute>"; };
		29B97316FDCFA39411CA2CEA /* main.m */ = {isa = PBXFileReference; fileEncoding = 4; lastKnownFileType = sourcecode.c.objc; path = main.m; sourceTree = "<group>"; };
		29B97324FDCFA39411CA2CEA /* AppKit.framework */ = {isa = PBXFileReference; lastKnownFileType = wrapper.framework; name = AppKit.framework; path = /System/Library/Frameworks/AppKit.framework; sourceTree = "<absolute>"; };
		32CA4F630368D1EE00C91783 /* CrashReporter_Prefix.pch */ = {isa = PBXFileReference; fileEncoding = 4; lastKnownFileType = sourcecode.c.h; path = CrashReporter_Prefix.pch; sourceTree = "<group>"; };
		8D1107310486CEB800E47090 /* Info.plist */ = {isa = PBXFileReference; fileEncoding = 4; lastKnownFileType = text.plist; path = Info.plist; sourceTree = "<group>"; };
		8D1107320486CEB800E47090 /* CrashReporter.app */ = {isa = PBXFileReference; explicitFileType = wrapper.application; includeInIndex = 0; path = CrashReporter.app; sourceTree = BUILT_PRODUCTS_DIR; };
/* End PBXFileReference section */

/* Begin PBXFrameworksBuildPhase section */
		8D11072E0486CEB800E47090 /* Frameworks */ = {
			isa = PBXFrameworksBuildPhase;
			buildActionMask = 2147483647;
			files = (
				8D11072F0486CEB800E47090 /* Cocoa.framework in Frameworks */,
			);
			runOnlyForDeploymentPostprocessing = 0;
		};
/* End PBXFrameworksBuildPhase section */

/* Begin PBXGroup section */
		080E96DDFE201D6D7F000001 /* Classes */ = {
			isa = PBXGroup;
			children = (
				024BDC2A08FB298C0028A0CD /* CrashController.h */,
				024BDC2C08FB29C40028A0CD /* CrashController.mm */,
				0262B9D309094460008BB189 /* LC_ModalAlertSheet.h */,
				0262B9D409094474008BB189 /* LC_ModalAlertSheet.mm */,
			);
			name = Classes;
			sourceTree = "<group>";
		};
		1058C7A0FEA54F0111CA2CBB /* Linked Frameworks */ = {
			isa = PBXGroup;
			children = (
				1058C7A1FEA54F0111CA2CBB /* Cocoa.framework */,
			);
			name = "Linked Frameworks";
			sourceTree = "<group>";
		};
		1058C7A2FEA54F0111CA2CBB /* Other Frameworks */ = {
			isa = PBXGroup;
			children = (
				29B97324FDCFA39411CA2CEA /* AppKit.framework */,
			);
			name = "Other Frameworks";
			sourceTree = "<group>";
		};
		19C28FACFE9D520D11CA2CBB /* Products */ = {
			isa = PBXGroup;
			children = (
				8D1107320486CEB800E47090 /* CrashReporter.app */,
			);
			name = Products;
			sourceTree = "<group>";
		};
		29B97314FDCFA39411CA2CEA /* CrashReporter */ = {
			isa = PBXGroup;
			children = (
				080E96DDFE201D6D7F000001 /* Classes */,
				29B97315FDCFA39411CA2CEA /* Other Sources */,
				29B97317FDCFA39411CA2CEA /* Resources */,
				29B97323FDCFA39411CA2CEA /* Frameworks */,
				19C28FACFE9D520D11CA2CBB /* Products */,
			);
			name = CrashReporter;
			sourceTree = "<group>";
		};
		29B97315FDCFA39411CA2CEA /* Other Sources */ = {
			isa = PBXGroup;
			children = (
				32CA4F630368D1EE00C91783 /* CrashReporter_Prefix.pch */,
				29B97316FDCFA39411CA2CEA /* main.m */,
			);
			name = "Other Sources";
			sourceTree = "<group>";
		};
		29B97317FDCFA39411CA2CEA /* Resources */ = {
			isa = PBXGroup;
			children = (
				02E7CBE808FD7E45009E956B /* bug-80.png */,
				02A5161908FCC39900799771 /* CrashReporter.icns */,
				02A515DA08FCAF4000799771 /* CrashReporter.nib */,
				8D1107310486CEB800E47090 /* Info.plist */,
				02A515D708FCAEE700799771 /* InfoPlist.strings */,
				029D4EE60909718400C64083 /* Localizable.strings */,
			);
			name = Resources;
			sourceTree = "<group>";
		};
		29B97323FDCFA39411CA2CEA /* Frameworks */ = {
			isa = PBXGroup;
			children = (
				1058C7A0FEA54F0111CA2CBB /* Linked Frameworks */,
				1058C7A2FEA54F0111CA2CBB /* Other Frameworks */,
			);
			name = Frameworks;
			sourceTree = "<group>";
		};
/* End PBXGroup section */

/* Begin PBXNativeTarget section */
		8D1107260486CEB800E47090 /* CrashReporter */ = {
			isa = PBXNativeTarget;
			buildConfigurationList = 024BDC1908FB24300028A0CD /* Build configuration list for PBXNativeTarget "CrashReporter" */;
			buildPhases = (
				8D1107290486CEB800E47090 /* Resources */,
				8D11072C0486CEB800E47090 /* Sources */,
				8D11072E0486CEB800E47090 /* Frameworks */,
			);
			buildRules = (
			);
			dependencies = (
			);
			name = CrashReporter;
			productInstallPath = "$(HOME)/Applications";
			productName = CrashReporter;
			productReference = 8D1107320486CEB800E47090 /* CrashReporter.app */;
			productType = "com.apple.product-type.application";
		};
/* End PBXNativeTarget section */

/* Begin PBXProject section */
		29B97313FDCFA39411CA2CEA /* Project object */ = {
			isa = PBXProject;
			buildConfigurationList = 024BDC1D08FB24300028A0CD /* Build configuration list for PBXProject "CrashReporter" */;
			compatibilityVersion = "Xcode 2.4";
			hasScannedForEncodings = 1;
			mainGroup = 29B97314FDCFA39411CA2CEA /* CrashReporter */;
			projectDirPath = "";
			projectRoot = "";
			targets = (
				8D1107260486CEB800E47090 /* CrashReporter */,
			);
		};
/* End PBXProject section */

/* Begin PBXResourcesBuildPhase section */
		8D1107290486CEB800E47090 /* Resources */ = {
			isa = PBXResourcesBuildPhase;
			buildActionMask = 2147483647;
			files = (
				02A515D908FCAEE700799771 /* InfoPlist.strings in Resources */,
				02A515DC08FCAF4000799771 /* CrashReporter.nib in Resources */,
				02A5161A08FCC39900799771 /* CrashReporter.icns in Resources */,
				02E7CBE908FD7E45009E956B /* bug-80.png in Resources */,
				029D4EE80909718400C64083 /* Localizable.strings in Resources */,
			);
			runOnlyForDeploymentPostprocessing = 0;
		};
/* End PBXResourcesBuildPhase section */

/* Begin PBXSourcesBuildPhase section */
		8D11072C0486CEB800E47090 /* Sources */ = {
			isa = PBXSourcesBuildPhase;
			buildActionMask = 2147483647;
			files = (
				8D11072D0486CEB800E47090 /* main.m in Sources */,
				024BDC2D08FB29C40028A0CD /* CrashController.mm in Sources */,
				0262B9D509094474008BB189 /* LC_ModalAlertSheet.mm in Sources */,
			);
			runOnlyForDeploymentPostprocessing = 0;
		};
/* End PBXSourcesBuildPhase section */

/* Begin PBXVariantGroup section */
		029D4EE60909718400C64083 /* Localizable.strings */ = {
			isa = PBXVariantGroup;
			children = (
				029D4EE70909718400C64083 /* English */,
			);
			name = Localizable.strings;
			sourceTree = "<group>";
		};
		02A515D708FCAEE700799771 /* InfoPlist.strings */ = {
			isa = PBXVariantGroup;
			children = (
				02A515D808FCAEE700799771 /* English */,
			);
			name = InfoPlist.strings;
			sourceTree = "<group>";
		};
		02A515DA08FCAF4000799771 /* CrashReporter.nib */ = {
			isa = PBXVariantGroup;
			children = (
				02A515DB08FCAF4000799771 /* English */,
			);
			name = CrashReporter.nib;
			sourceTree = "<group>";
		};
/* End PBXVariantGroup section */

/* Begin XCBuildConfiguration section */
		024BDC1A08FB24300028A0CD /* Debug */ = {
			isa = XCBuildConfiguration;
			buildSettings = {
				COPY_PHASE_STRIP = NO;
				GCC_DYNAMIC_NO_PIC = NO;
				GCC_ENABLE_FIX_AND_CONTINUE = YES;
				GCC_GENERATE_DEBUGGING_SYMBOLS = YES;
				GCC_OPTIMIZATION_LEVEL = 0;
				GCC_PRECOMPILE_PREFIX_HEADER = YES;
				GCC_PREFIX_HEADER = CrashReporter_Prefix.pch;
				GCC_WARN_ABOUT_RETURN_TYPE = YES;
				GCC_WARN_UNUSED_VARIABLE = YES;
				INFOPLIST_FILE = Info.plist;
				INSTALL_PATH = "$(HOME)/Applications";
				PREBINDING = NO;
				PRODUCT_NAME = CrashReporter;
				WRAPPER_EXTENSION = app;
				ZERO_LINK = YES;
			};
			name = Debug;
		};
		024BDC1B08FB24300028A0CD /* Release */ = {
			isa = XCBuildConfiguration;
			buildSettings = {
				ARCHS = (
					i386,
					ppc,
				);
				COPY_PHASE_STRIP = YES;
				GCC_ENABLE_FIX_AND_CONTINUE = NO;
				GCC_GENERATE_DEBUGGING_SYMBOLS = NO;
				GCC_PRECOMPILE_PREFIX_HEADER = YES;
				GCC_PREFIX_HEADER = CrashReporter_Prefix.pch;
				GCC_WARN_ABOUT_RETURN_TYPE = YES;
				GCC_WARN_UNUSED_VARIABLE = YES;
				INFOPLIST_FILE = Info.plist;
				INSTALL_PATH = "$(HOME)/Applications";
				PREBINDING = NO;
				PRODUCT_NAME = CrashReporter;
				WRAPPER_EXTENSION = app;
				ZERO_LINK = NO;
			};
			name = Release;
		};
		024BDC1E08FB24300028A0CD /* Debug */ = {
			isa = XCBuildConfiguration;
			buildSettings = {
				GCC_PREPROCESSOR_DEFINITIONS = DEBUG;
			};
			name = Debug;
		};
		024BDC1F08FB24300028A0CD /* Release */ = {
			isa = XCBuildConfiguration;
			buildSettings = {
			};
			name = Release;
		};
/* End XCBuildConfiguration section */

/* Begin XCConfigurationList section */
		024BDC1908FB24300028A0CD /* Build configuration list for PBXNativeTarget "CrashReporter" */ = {
			isa = XCConfigurationList;
			buildConfigurations = (
				024BDC1A08FB24300028A0CD /* Debug */,
				024BDC1B08FB24300028A0CD /* Release */,
			);
			defaultConfigurationIsVisible = 0;
			defaultConfigurationName = Debug;
		};
		024BDC1D08FB24300028A0CD /* Build configuration list for PBXProject "CrashReporter" */ = {
			isa = XCConfigurationList;
			buildConfigurations = (
				024BDC1E08FB24300028A0CD /* Debug */,
				024BDC1F08FB24300028A0CD /* Release */,
			);
			defaultConfigurationIsVisible = 0;
			defaultConfigurationName = Debug;
		};
/* End XCConfigurationList section */
	};
	rootObject = 29B97313FDCFA39411CA2CEA /* Project object */;
}
